Microsoft Visual Studio Solution File, Format Version 12.00
# Visual Studio 2012
Project("{FAE04EC0-301F-11D3-BF4B-00C04F79EFBC}") = "GameJam2025", "GameJam2025.csproj", "{E486F0CA-529E-406C-8474-04A317F399FF}"
EndProject
Global
	GlobalSection(SolutionConfigurationPlatforms) = preSolution
	Debug|Any CPU = Debug|Any CPU
	ExportDebug|Any CPU = ExportDebug|Any CPU
	ExportRelease|Any CPU = ExportRelease|Any CPU
	EndGlobalSection
	GlobalSection(ProjectConfigurationPlatforms) = postSolution
		{E486F0CA-529E-406C-8474-04A317F399FF}.Debug|Any CPU.ActiveCfg = Debug|Any CPU
		{E486F0CA-529E-406C-8474-04A317F399FF}.Debug|Any CPU.Build.0 = Debug|Any CPU
		{E486F0CA-529E-406C-8474-04A317F399FF}.ExportDebug|Any CPU.ActiveCfg = ExportDebug|Any CPU
		{E486F0CA-529E-406C-8474-04A317F399FF}.ExportDebug|Any CPU.Build.0 = ExportDebug|Any CPU
		{E486F0CA-529E-406C-8474-04A317F399FF}.ExportRelease|Any CPU.ActiveCfg = ExportRelease|Any CPU
		{E486F0CA-529E-406C-8474-04A317F399FF}.ExportRelease|Any CPU.Build.0 = ExportRelease|Any CPU
	EndGlobalSection
EndGlobal
